
Microsoft Visual Studio Solution File, Format Version 12.00
# Visual Studio Version 17
VisualStudioVersion = 17.5.33424.131
MinimumVisualStudioVersion = 10.0.40219.1
Project("{9A19103F-16F7-4668-BE54-9A1E7A4F7556}") = "OverdueAPI", "OverdueAPI\OverdueAPI.csproj", "{2682144D-48C4-4238-9308-1CD67526BA58}"
EndProject
Project("{FAE04EC0-301F-11D3-BF4B-00C04F79EFBC}") = "OverdueMobileDesktop.UWP", "OverdueMobileDesktop\OverdueMobileDesktop.UWP\OverdueMobileDesktop.UWP.csproj", "{3AEECEB1-A447-4D3D-A035-00D2CC5171E6}"
EndProject
Project("{FAE04EC0-301F-11D3-BF4B-00C04F79EFBC}") = "OverdueMobileDesktop.Android", "OverdueMobileDesktop\OverdueMobileDesktop.Android\OverdueMobileDesktop.Android.csproj", "{F6D565E3-DAA8-4AA9-B3D2-CB588EA364C0}"
EndProject
Project("{FAE04EC0-301F-11D3-BF4B-00C04F79EFBC}") = "OverdueMobileDesktop.iOS", "OverdueMobileDesktop\OverdueMobileDesktop.iOS\OverdueMobileDesktop.iOS.csproj", "{91429701-0EA4-4B61-8C2B-1B805C6C0501}"
EndProject
Project("{9A19103F-16F7-4668-BE54-9A1E7A4F7556}") = "OverdueMobileDesktop", "OverdueMobileDesktop\OverdueMobileDesktop\OverdueMobileDesktop.csproj", "{1D1C0675-EF50-4FA7-B048-2AA339CCB5A9}"
EndProject
Project("{FAE04EC0-301F-11D3-BF4B-00C04F79EFBC}") = "UnitTests", "UnitTests\UnitTests.csproj", "{DD9D7567-01D6-4DE7-B6CE-232CE5499BA8}"
EndProject
Global
	GlobalSection(SolutionConfigurationPlatforms) = preSolution
		Debug|Any CPU = Debug|Any CPU
		Debug|ARM = Debug|ARM
		Debug|iPhone = Debug|iPhone
		Debug|iPhoneSimulator = Debug|iPhoneSimulator
		Debug|x64 = Debug|x64
		Debug|x86 = Debug|x86
		Release|Any CPU = Release|Any CPU
		Release|ARM = Release|ARM
		Release|iPhone = Release|iPhone
		Release|iPhoneSimulator = Release|iPhoneSimulator
		Release|x64 = Release|x64
		Release|x86 = Release|x86
	EndGlobalSection
	GlobalSection(ProjectConfigurationPlatforms) = postSolution
		{2682144D-48C4-4238-9308-1CD67526BA58}.Debug|Any CPU.ActiveCfg = Debug|Any CPU
		{2682144D-48C4-4238-9308-1CD67526BA58}.Debug|Any CPU.Build.0 = Debug|Any CPU
		{2682144D-48C4-4238-9308-1CD67526BA58}.Debug|ARM.ActiveCfg = Debug|Any CPU
		{2682144D-48C4-4238-9308-1CD67526BA58}.Debug|ARM.Build.0 = Debug|Any CPU
		{2682144D-48C4-4238-9308-1CD67526BA58}.Debug|iPhone.ActiveCfg = Debug|Any CPU
		{2682144D-48C4-4238-9308-1CD67526BA58}.Debug|iPhone.Build.0 = Debug|Any CPU
		{2682144D-48C4-4238-9308-1CD67526BA58}.Debug|iPhoneSimulator.ActiveCfg = Debug|Any CPU
		{2682144D-48C4-4238-9308-1CD67526BA58}.Debug|iPhoneSimulator.Build.0 = Debug|Any CPU
		{2682144D-48C4-4238-9308-1CD67526BA58}.Debug|x64.ActiveCfg = Debug|Any CPU
		{2682144D-48C4-4238-9308-1CD67526BA58}.Debug|x64.Build.0 = Debug|Any CPU
		{2682144D-48C4-4238-9308-1CD67526BA58}.Debug|x86.ActiveCfg = Debug|Any CPU
		{2682144D-48C4-4238-9308-1CD67526BA58}.Debug|x86.Build.0 = Debug|Any CPU
		{2682144D-48C4-4238-9308-1CD67526BA58}.Release|Any CPU.ActiveCfg = Release|Any CPU
		{2682144D-48C4-4238-9308-1CD67526BA58}.Release|Any CPU.Build.0 = Release|Any CPU
		{2682144D-48C4-4238-9308-1CD67526BA58}.Release|ARM.ActiveCfg = Release|Any CPU
		{2682144D-48C4-4238-9308-1CD67526BA58}.Release|ARM.Build.0 = Release|Any CPU
		{2682144D-48C4-4238-9308-1CD67526BA58}.Release|iPhone.ActiveCfg = Release|Any CPU
		{2682144D-48C4-4238-9308-1CD67526BA58}.Release|iPhone.Build.0 = Release|Any CPU
		{2682144D-48C4-4238-9308-1CD67526BA58}.Release|iPhoneSimulator.ActiveCfg = Release|Any CPU
		{2682144D-48C4-4238-9308-1CD67526BA58}.Release|iPhoneSimulator.Build.0 = Release|Any CPU
		{2682144D-48C4-4238-9308-1CD67526BA58}.Release|x64.ActiveCfg = Release|Any CPU
		{2682144D-48C4-4238-9308-1CD67526BA58}.Release|x64.Build.0 = Release|Any CPU
		{2682144D-48C4-4238-9308-1CD67526BA58}.Release|x86.ActiveCfg = Release|Any CPU
		{2682144D-48C4-4238-9308-1CD67526BA58}.Release|x86.Build.0 = Release|Any CPU
		{3AEECEB1-A447-4D3D-A035-00D2CC5171E6}.Debug|Any CPU.ActiveCfg = Debug|x64
		{3AEECEB1-A447-4D3D-A035-00D2CC5171E6}.Debug|Any CPU.Build.0 = Debug|x64
		{3AEECEB1-A447-4D3D-A035-00D2CC5171E6}.Debug|Any CPU.Deploy.0 = Debug|x64
		{3AEECEB1-A447-4D3D-A035-00D2CC5171E6}.Debug|ARM.ActiveCfg = Debug|ARM
		{3AEECEB1-A447-4D3D-A035-00D2CC5171E6}.Debug|ARM.Build.0 = Debug|ARM
		{3AEECEB1-A447-4D3D-A035-00D2CC5171E6}.Debug|ARM.Deploy.0 = Debug|ARM
		{3AEECEB1-A447-4D3D-A035-00D2CC5171E6}.Debug|iPhone.ActiveCfg = Debug|x64
		{3AEECEB1-A447-4D3D-A035-00D2CC5171E6}.Debug|iPhoneSimulator.ActiveCfg = Debug|x64
		{3AEECEB1-A447-4D3D-A035-00D2CC5171E6}.Debug|x64.ActiveCfg = Debug|x64
		{3AEECEB1-A447-4D3D-A035-00D2CC5171E6}.Debug|x64.Build.0 = Debug|x64
		{3AEECEB1-A447-4D3D-A035-00D2CC5171E6}.Debug|x64.Deploy.0 = Debug|x64
		{3AEECEB1-A447-4D3D-A035-00D2CC5171E6}.Debug|x86.ActiveCfg = Debug|x86
		{3AEECEB1-A447-4D3D-A035-00D2CC5171E6}.Debug|x86.Build.0 = Debug|x86
		{3AEECEB1-A447-4D3D-A035-00D2CC5171E6}.Debug|x86.Deploy.0 = Debug|x86
		{3AEECEB1-A447-4D3D-A035-00D2CC5171E6}.Release|Any CPU.ActiveCfg = Release|x64
		{3AEECEB1-A447-4D3D-A035-00D2CC5171E6}.Release|Any CPU.Build.0 = Release|x64
		{3AEECEB1-A447-4D3D-A035-00D2CC5171E6}.Release|Any CPU.Deploy.0 = Release|x64
		{3AEECEB1-A447-4D3D-A035-00D2CC5171E6}.Release|ARM.ActiveCfg = Release|ARM
		{3AEECEB1-A447-4D3D-A035-00D2CC5171E6}.Release|ARM.Build.0 = Release|ARM
		{3AEECEB1-A447-4D3D-A035-00D2CC5171E6}.Release|ARM.Deploy.0 = Release|ARM
		{3AEECEB1-A447-4D3D-A035-00D2CC5171E6}.Release|iPhone.ActiveCfg = Release|x64
		{3AEECEB1-A447-4D3D-A035-00D2CC5171E6}.Release|iPhoneSimulator.ActiveCfg = Release|x64
		{3AEECEB1-A447-4D3D-A035-00D2CC5171E6}.Release|x64.ActiveCfg = Release|x64
		{3AEECEB1-A447-4D3D-A035-00D2CC5171E6}.Release|x64.Build.0 = Release|x64
		{3AEECEB1-A447-4D3D-A035-00D2CC5171E6}.Release|x64.Deploy.0 = Release|x64
		{3AEECEB1-A447-4D3D-A035-00D2CC5171E6}.Release|x86.ActiveCfg = Release|x86
		{3AEECEB1-A447-4D3D-A035-00D2CC5171E6}.Release|x86.Build.0 = Release|x86
		{3AEECEB1-A447-4D3D-A035-00D2CC5171E6}.Release|x86.Deploy.0 = Release|x86
		{F6D565E3-DAA8-4AA9-B3D2-CB588EA364C0}.Debug|Any CPU.ActiveCfg = Debug|Any CPU
		{F6D565E3-DAA8-4AA9-B3D2-CB588EA364C0}.Debug|Any CPU.Build.0 = Debug|Any CPU
		{F6D565E3-DAA8-4AA9-B3D2-CB588EA364C0}.Debug|Any CPU.Deploy.0 = Debug|Any CPU
		{F6D565E3-DAA8-4AA9-B3D2-CB588EA364C0}.Debug|ARM.ActiveCfg = Debug|Any CPU
		{F6D565E3-DAA8-4AA9-B3D2-CB588EA364C0}.Debug|ARM.Build.0 = Debug|Any CPU
		{F6D565E3-DAA8-4AA9-B3D2-CB588EA364C0}.Debug|ARM.Deploy.0 = Debug|Any CPU
		{F6D565E3-DAA8-4AA9-B3D2-CB588EA364C0}.Debug|iPhone.ActiveCfg = Debug|Any CPU
		{F6D565E3-DAA8-4AA9-B3D2-CB588EA364C0}.Debug|iPhone.Build.0 = Debug|Any CPU
		{F6D565E3-DAA8-4AA9-B3D2-CB588EA364C0}.Debug|iPhone.Deploy.0 = Debug|Any CPU
		{F6D565E3-DAA8-4AA9-B3D2-CB588EA364C0}.Debug|iPhoneSimulator.ActiveCfg = Debug|Any CPU
		{F6D565E3-DAA8-4AA9-B3D2-CB588EA364C0}.Debug|iPhoneSimulator.Build.0 = Debug|Any CPU
		{F6D565E3-DAA8-4AA9-B3D2-CB588EA364C0}.Debug|iPhoneSimulator.Deploy.0 = Debug|Any CPU
		{F6D565E3-DAA8-4AA9-B3D2-CB588EA364C0}.Debug|x64.ActiveCfg = Debug|Any CPU
		{F6D565E3-DAA8-4AA9-B3D2-CB588EA364C0}.Debug|x64.Build.0 = Debug|Any CPU
		{F6D565E3-DAA8-4AA9-B3D2-CB588EA364C0}.Debug|x64.Deploy.0 = Debug|Any CPU
		{F6D565E3-DAA8-4AA9-B3D2-CB588EA364C0}.Debug|x86.ActiveCfg = Debug|Any CPU
		{F6D565E3-DAA8-4AA9-B3D2-CB588EA364C0}.Debug|x86.Build.0 = Debug|Any CPU
		{F6D565E3-DAA8-4AA9-B3D2-CB588EA364C0}.Debug|x86.Deploy.0 = Debug|Any CPU
		{F6D565E3-DAA8-4AA9-B3D2-CB588EA364C0}.Release|Any CPU.ActiveCfg = Release|Any CPU
		{F6D565E3-DAA8-4AA9-B3D2-CB588EA364C0}.Release|Any CPU.Build.0 = Release|Any CPU
		{F6D565E3-DAA8-4AA9-B3D2-CB588EA364C0}.Release|Any CPU.Deploy.0 = Release|Any CPU
		{F6D565E3-DAA8-4AA9-B3D2-CB588EA364C0}.Release|ARM.ActiveCfg = Release|Any CPU
		{F6D565E3-DAA8-4AA9-B3D2-CB588EA364C0}.Release|ARM.Build.0 = Release|Any CPU
		{F6D565E3-DAA8-4AA9-B3D2-CB588EA364C0}.Release|ARM.Deploy.0 = Release|Any CPU
		{F6D565E3-DAA8-4AA9-B3D2-CB588EA364C0}.Release|iPhone.ActiveCfg = Release|Any CPU
		{F6D565E3-DAA8-4AA9-B3D2-CB588EA364C0}.Release|iPhone.Build.0 = Release|Any CPU
		{F6D565E3-DAA8-4AA9-B3D2-CB588EA364C0}.Release|iPhone.Deploy.0 = Release|Any CPU
		{F6D565E3-DAA8-4AA9-B3D2-CB588EA364C0}.Release|iPhoneSimulator.ActiveCfg = Release|Any CPU
		{F6D565E3-DAA8-4AA9-B3D2-CB588EA364C0}.Release|iPhoneSimulator.Build.0 = Release|Any CPU
		{F6D565E3-DAA8-4AA9-B3D2-CB588EA364C0}.Release|iPhoneSimulator.Deploy.0 = Release|Any CPU
		{F6D565E3-DAA8-4AA9-B3D2-CB588EA364C0}.Release|x64.ActiveCfg = Release|Any CPU
		{F6D565E3-DAA8-4AA9-B3D2-CB588EA364C0}.Release|x64.Build.0 = Release|Any CPU
		{F6D565E3-DAA8-4AA9-B3D2-CB588EA364C0}.Release|x64.Deploy.0 = Release|Any CPU
		{F6D565E3-DAA8-4AA9-B3D2-CB588EA364C0}.Release|x86.ActiveCfg = Release|Any CPU
		{F6D565E3-DAA8-4AA9-B3D2-CB588EA364C0}.Release|x86.Build.0 = Release|Any CPU
		{F6D565E3-DAA8-4AA9-B3D2-CB588EA364C0}.Release|x86.Deploy.0 = Release|Any CPU
		{91429701-0EA4-4B61-8C2B-1B805C6C0501}.Debug|Any CPU.ActiveCfg = Debug|iPhoneSimulator
		{91429701-0EA4-4B61-8C2B-1B805C6C0501}.Debug|Any CPU.Build.0 = Debug|iPhoneSimulator
		{91429701-0EA4-4B61-8C2B-1B805C6C0501}.Debug|ARM.ActiveCfg = Debug|iPhoneSimulator
		{91429701-0EA4-4B61-8C2B-1B805C6C0501}.Debug|ARM.Build.0 = Debug|iPhoneSimulator
		{91429701-0EA4-4B61-8C2B-1B805C6C0501}.Debug|iPhone.ActiveCfg = Debug|iPhone
		{91429701-0EA4-4B61-8C2B-1B805C6C0501}.Debug|iPhone.Build.0 = Debug|iPhone
		{91429701-0EA4-4B61-8C2B-1B805C6C0501}.Debug|iPhoneSimulator.ActiveCfg = Debug|iPhoneSimulator
		{91429701-0EA4-4B61-8C2B-1B805C6C0501}.Debug|iPhoneSimulator.Build.0 = Debug|iPhoneSimulator
		{91429701-0EA4-4B61-8C2B-1B805C6C0501}.Debug|x64.ActiveCfg = Debug|iPhoneSimulator
		{91429701-0EA4-4B61-8C2B-1B805C6C0501}.Debug|x64.Build.0 = Debug|iPhoneSimulator
		{91429701-0EA4-4B61-8C2B-1B805C6C0501}.Debug|x86.ActiveCfg = Debug|iPhoneSimulator
		{91429701-0EA4-4B61-8C2B-1B805C6C0501}.Debug|x86.Build.0 = Debug|iPhoneSimulator
		{91429701-0EA4-4B61-8C2B-1B805C6C0501}.Release|Any CPU.ActiveCfg = Release|iPhoneSimulator
		{91429701-0EA4-4B61-8C2B-1B805C6C0501}.Release|Any CPU.Build.0 = Release|iPhoneSimulator
		{91429701-0EA4-4B61-8C2B-1B805C6C0501}.Release|ARM.ActiveCfg = Release|iPhoneSimulator
		{91429701-0EA4-4B61-8C2B-1B805C6C0501}.Release|ARM.Build.0 = Release|iPhoneSimulator
		{91429701-0EA4-4B61-8C2B-1B805C6C0501}.Release|iPhone.ActiveCfg = Release|iPhone
		{91429701-0EA4-4B61-8C2B-1B805C6C0501}.Release|iPhone.Build.0 = Release|iPhone
		{91429701-0EA4-4B61-8C2B-1B805C6C0501}.Release|iPhoneSimulator.ActiveCfg = Release|iPhoneSimulator
		{91429701-0EA4-4B61-8C2B-1B805C6C0501}.Release|iPhoneSimulator.Build.0 = Release|iPhoneSimulator
		{91429701-0EA4-4B61-8C2B-1B805C6C0501}.Release|x64.ActiveCfg = Release|iPhoneSimulator
		{91429701-0EA4-4B61-8C2B-1B805C6C0501}.Release|x64.Build.0 = Release|iPhoneSimulator
		{91429701-0EA4-4B61-8C2B-1B805C6C0501}.Release|x86.ActiveCfg = Release|iPhoneSimulator
		{91429701-0EA4-4B61-8C2B-1B805C6C0501}.Release|x86.Build.0 = Release|iPhoneSimulator
		{1D1C0675-EF50-4FA7-B048-2AA339CCB5A9}.Debug|Any CPU.ActiveCfg = Debug|Any CPU
		{1D1C0675-EF50-4FA7-B048-2AA339CCB5A9}.Debug|Any CPU.Build.0 = Debug|Any CPU
		{1D1C0675-EF50-4FA7-B048-2AA339CCB5A9}.Debug|ARM.ActiveCfg = Debug|Any CPU
		{1D1C0675-EF50-4FA7-B048-2AA339CCB5A9}.Debug|ARM.Build.0 = Debug|Any CPU
		{1D1C0675-EF50-4FA7-B048-2AA339CCB5A9}.Debug|iPhone.ActiveCfg = Debug|Any CPU
		{1D1C0675-EF50-4FA7-B048-2AA339CCB5A9}.Debug|iPhone.Build.0 = Debug|Any CPU
		{1D1C0675-EF50-4FA7-B048-2AA339CCB5A9}.Debug|iPhoneSimulator.ActiveCfg = Debug|Any CPU
		{1D1C0675-EF50-4FA7-B048-2AA339CCB5A9}.Debug|iPhoneSimulator.Build.0 = Debug|Any CPU
		{1D1C0675-EF50-4FA7-B048-2AA339CCB5A9}.Debug|x64.ActiveCfg = Debug|Any CPU
		{1D1C0675-EF50-4FA7-B048-2AA339CCB5A9}.Debug|x64.Build.0 = Debug|Any CPU
		{1D1C0675-EF50-4FA7-B048-2AA339CCB5A9}.Debug|x86.ActiveCfg = Debug|Any CPU
		{1D1C0675-EF50-4FA7-B048-2AA339CCB5A9}.Debug|x86.Build.0 = Debug|Any CPU
		{1D1C0675-EF50-4FA7-B048-2AA339CCB5A9}.Release|Any CPU.ActiveCfg = Release|Any CPU
		{1D1C0675-EF50-4FA7-B048-2AA339CCB5A9}.Release|Any CPU.Build.0 = Release|Any CPU
		{1D1C0675-EF50-4FA7-B048-2AA339CCB5A9}.Release|ARM.ActiveCfg = Release|Any CPU
		{1D1C0675-EF50-4FA7-B048-2AA339CCB5A9}.Release|ARM.Build.0 = Release|Any CPU
		{1D1C0675-EF50-4FA7-B048-2AA339CCB5A9}.Release|iPhone.ActiveCfg = Release|Any CPU
		{1D1C0675-EF50-4FA7-B048-2AA339CCB5A9}.Release|iPhone.Build.0 = Release|Any CPU
		{1D1C0675-EF50-4FA7-B048-2AA339CCB5A9}.Release|iPhoneSimulator.ActiveCfg = Release|Any CPU
		{1D1C0675-EF50-4FA7-B048-2AA339CCB5A9}.Release|iPhoneSimulator.Build.0 = Release|Any CPU
		{1D1C0675-EF50-4FA7-B048-2AA339CCB5A9}.Release|x64.ActiveCfg = Release|Any CPU
		{1D1C0675-EF50-4FA7-B048-2AA339CCB5A9}.Release|x64.Build.0 = Release|Any CPU
		{1D1C0675-EF50-4FA7-B048-2AA339CCB5A9}.Release|x86.ActiveCfg = Release|Any CPU
		{1D1C0675-EF50-4FA7-B048-2AA339CCB5A9}.Release|x86.Build.0 = Release|Any CPU
		{DD9D7567-01D6-4DE7-B6CE-232CE5499BA8}.Debug|Any CPU.ActiveCfg = Debug|Any CPU
		{DD9D7567-01D6-4DE7-B6CE-232CE5499BA8}.Debug|Any CPU.Build.0 = Debug|Any CPU
		{DD9D7567-01D6-4DE7-B6CE-232CE5499BA8}.Debug|ARM.ActiveCfg = Debug|Any CPU
		{DD9D7567-01D6-4DE7-B6CE-232CE5499BA8}.Debug|ARM.Build.0 = Debug|Any CPU
		{DD9D7567-01D6-4DE7-B6CE-232CE5499BA8}.Debug|iPhone.ActiveCfg = Debug|Any CPU
		{DD9D7567-01D6-4DE7-B6CE-232CE5499BA8}.Debug|iPhone.Build.0 = Debug|Any CPU
		{DD9D7567-01D6-4DE7-B6CE-232CE5499BA8}.Debug|iPhoneSimulator.ActiveCfg = Debug|Any CPU
		{DD9D7567-01D6-4DE7-B6CE-232CE5499BA8}.Debug|iPhoneSimulator.Build.0 = Debug|Any CPU
		{DD9D7567-01D6-4DE7-B6CE-232CE5499BA8}.Debug|x64.ActiveCfg = Debug|Any CPU
		{DD9D7567-01D6-4DE7-B6CE-232CE5499BA8}.Debug|x64.Build.0 = Debug|Any CPU
		{DD9D7567-01D6-4DE7-B6CE-232CE5499BA8}.Debug|x86.ActiveCfg = Debug|Any CPU
		{DD9D7567-01D6-4DE7-B6CE-232CE5499BA8}.Debug|x86.Build.0 = Debug|Any CPU
		{DD9D7567-01D6-4DE7-B6CE-232CE5499BA8}.Release|Any CPU.ActiveCfg = Release|Any CPU
		{DD9D7567-01D6-4DE7-B6CE-232CE5499BA8}.Release|Any CPU.Build.0 = Release|Any CPU
		{DD9D7567-01D6-4DE7-B6CE-232CE5499BA8}.Release|ARM.ActiveCfg = Release|Any CPU
		{DD9D7567-01D6-4DE7-B6CE-232CE5499BA8}.Release|ARM.Build.0 = Release|Any CPU
		{DD9D7567-01D6-4DE7-B6CE-232CE5499BA8}.Release|iPhone.ActiveCfg = Release|Any CPU
		{DD9D7567-01D6-4DE7-B6CE-232CE5499BA8}.Release|iPhone.Build.0 = Release|Any CPU
		{DD9D7567-01D6-4DE7-B6CE-232CE5499BA8}.Release|iPhoneSimulator.ActiveCfg = Release|Any CPU
		{DD9D7567-01D6-4DE7-B6CE-232CE5499BA8}.Release|iPhoneSimulator.Build.0 = Release|Any CPU
		{DD9D7567-01D6-4DE7-B6CE-232CE5499BA8}.Release|x64.ActiveCfg = Release|Any CPU
		{DD9D7567-01D6-4DE7-B6CE-232CE5499BA8}.Release|x64.Build.0 = Release|Any CPU
		{DD9D7567-01D6-4DE7-B6CE-232CE5499BA8}.Release|x86.ActiveCfg = Release|Any CPU
		{DD9D7567-01D6-4DE7-B6CE-232CE5499BA8}.Release|x86.Build.0 = Release|Any CPU
	EndGlobalSection
	GlobalSection(SolutionProperties) = preSolution
		HideSolutionNode = FALSE
	EndGlobalSection
	GlobalSection(ExtensibilityGlobals) = postSolution
		SolutionGuid = {6DD8572E-D733-4CE4-BE1C-58FB816C7D79}
	EndGlobalSection
EndGlobal
